{
  "name": "botas",
  "version": "0.1-alpha",
  "lockfileVersion": 3,
  "requires": true,
  "packages": {
    "": {
      "name": "botas",
      "version": "0.1-alpha",
      "license": "MIT",
      "workspaces": [
        "packages/*"
      ],
      "dependencies": {
        "uuid": "^10.0.0"
      },
      "devDependencies": {
        "@types/node": "^22.8.1",
        "@types/uuid": "^10.0.0",
        "nerdbank-gitversioning": "^3.6.146",
        "typescript": "^5.2.2"
      }
    },
    "node_modules/@rido-min/core": {
      "resolved": "packages/core",
      "link": true
    },
    "node_modules/@rido-min/hosting": {
      "resolved": "packages/hosting",
      "link": true
    },
    "node_modules/@types/node": {
      "version": "22.8.1",
      "resolved": "https://pkgs.dev.azure.com/rmpablos/botas/_packaging/botas-upstream/npm/registry/@types/node/-/node-22.8.1.tgz",
      "integrity": "sha1-s51LmBZeKueSziE/YQx8YQjM+hY=",
      "dev": true,
      "license": "MIT",
      "dependencies": {
        "undici-types": "~6.19.8"
      }
    },
    "node_modules/@types/uuid": {
      "version": "10.0.0",
      "resolved": "https://pkgs.dev.azure.com/rmpablos/botas/_packaging/botas-upstream/npm/registry/@types/uuid/-/uuid-10.0.0.tgz",
      "integrity": "sha1-6cB/5Q2g9T3CSXDMqU1hn/A/b20=",
      "dev": true,
      "license": "MIT"
    },
    "node_modules/camel-case": {
      "version": "4.1.2",
      "resolved": "https://pkgs.dev.azure.com/rmpablos/botas/_packaging/botas-upstream/npm/registry/camel-case/-/camel-case-4.1.2.tgz",
      "integrity": "sha1-lygHKpVPgFIoIlpt7qazhGHhvVo=",
      "dev": true,
      "license": "MIT",
      "dependencies": {
        "pascal-case": "^3.1.2",
        "tslib": "^2.0.3"
      }
    },
    "node_modules/lower-case": {
      "version": "2.0.2",
      "resolved": "https://pkgs.dev.azure.com/rmpablos/botas/_packaging/botas-upstream/npm/registry/lower-case/-/lower-case-2.0.2.tgz",
      "integrity": "sha1-b6I3xj29xKgsoP2ILkci3F5jTig=",
      "dev": true,
      "license": "MIT",
      "dependencies": {
        "tslib": "^2.0.3"
      }
    },
    "node_modules/nerdbank-gitversioning": {
      "version": "3.6.146",
      "resolved": "https://pkgs.dev.azure.com/rmpablos/botas/_packaging/botas-upstream/npm/registry/nerdbank-gitversioning/-/nerdbank-gitversioning-3.6.146.tgz",
      "integrity": "sha1-9BA4BvA4oHFsyGysAHrsj0+sgkk=",
      "dev": true,
      "license": "MIT",
      "dependencies": {
        "camel-case": "^4.1.2"
      },
      "bin": {
        "nbgv": "main.js",
        "nbgv-setversion": "npmVersion.js"
      }
    },
    "node_modules/no-case": {
      "version": "3.0.4",
      "resolved": "https://pkgs.dev.azure.com/rmpablos/botas/_packaging/botas-upstream/npm/registry/no-case/-/no-case-3.0.4.tgz",
      "integrity": "sha1-02H9XJgA9VhVGoNp/A3NRmK2Ek0=",
      "dev": true,
      "license": "MIT",
      "dependencies": {
        "lower-case": "^2.0.2",
        "tslib": "^2.0.3"
      }
    },
    "node_modules/pascal-case": {
      "version": "3.1.2",
      "resolved": "https://pkgs.dev.azure.com/rmpablos/botas/_packaging/botas-upstream/npm/registry/pascal-case/-/pascal-case-3.1.2.tgz",
      "integrity": "sha1-tI4O8rmOIF58Ha50fQsVCCN2YOs=",
      "dev": true,
      "license": "MIT",
      "dependencies": {
        "no-case": "^3.0.4",
        "tslib": "^2.0.3"
      }
    },
    "node_modules/tslib": {
      "version": "2.8.0",
      "resolved": "https://pkgs.dev.azure.com/rmpablos/botas/_packaging/botas-upstream/npm/registry/tslib/-/tslib-2.8.0.tgz",
      "integrity": "sha1-0STIbDwFpAqR5v3qQCG9MdN3lxs=",
      "dev": true,
      "license": "0BSD"
    },
    "node_modules/typescript": {
      "version": "5.6.3",
      "resolved": "https://pkgs.dev.azure.com/rmpablos/botas/_packaging/botas-upstream/npm/registry/typescript/-/typescript-5.6.3.tgz",
      "integrity": "sha1-XzRJ4xydlP67F94DzAgd1W2B21s=",
      "dev": true,
      "license": "Apache-2.0",
      "bin": {
        "tsc": "bin/tsc",
        "tsserver": "bin/tsserver"
      },
      "engines": {
        "node": ">=14.17"
      }
    },
    "node_modules/undici-types": {
      "version": "6.19.8",
      "resolved": "https://pkgs.dev.azure.com/rmpablos/botas/_packaging/botas-upstream/npm/registry/undici-types/-/undici-types-6.19.8.tgz",
      "integrity": "sha1-NREcnRQ3q4OnzcCrri8m2I7aCgI=",
      "dev": true,
      "license": "MIT"
    },
    "node_modules/uuid": {
      "version": "10.0.0",
      "resolved": "https://pkgs.dev.azure.com/rmpablos/botas/_packaging/botas-upstream/npm/registry/uuid/-/uuid-10.0.0.tgz",
      "integrity": "sha1-WpWqRU5uACclx5BV/UKqujDKYpQ=",
      "funding": [
        "https://github.com/sponsors/broofa",
        "https://github.com/sponsors/ctavan"
      ],
      "license": "MIT",
      "bin": {
        "uuid": "dist/bin/uuid"
      }
    },
    "packages/core": {
      "name": "@rido-min/core",
      "version": "0.1.0-alpha",
      "license": "ISC",
      "dependencies": {
        "uuid": "^10.0.0"
      },
      "devDependencies": {}
    },
    "packages/hosting": {
      "name": "@rido-min/hosting",
      "version": "0.1.0-alpha",
      "license": "ISC",
      "dependencies": {
        "@rido-min/core": "0.1.0-alpha"
      }
    }
  }
}
