{
  "name": "botas",
  "version": "0.1-alpha",
  "lockfileVersion": 3,
  "requires": true,
  "packages": {
    "": {
      "name": "botas",
      "version": "0.1-alpha",
      "license": "MIT",
      "workspaces": [
        "packages/*"
      ],
      "dependencies": {
        "uuid": "^10.0.0"
      },
      "devDependencies": {
        "@types/node": "^20.6.0",
        "@types/uuid": "^10.0.0",
        "nerdbank-gitversioning": "^3.6.146",
        "typescript": "^5.2.2"
      }
    },
    "node_modules/@rido-min/core": {
      "resolved": "packages/core",
      "link": true
    },
    "node_modules/@rido-min/hosting": {
      "resolved": "packages/hosting",
      "link": true
    },
    "node_modules/@types/node": {
      "version": "20.17.2",
      "resolved": "https://registry.npmjs.org/@types/node/-/node-20.17.2.tgz",
      "integrity": "sha512-OOHK4sjXqkL7yQ7VEEHcf6+0jSvKjWqwnaCtY7AKD/VLEvRHMsxxu7eI8ErnjxHS8VwmekD4PeVCpu4qZEZSxg==",
      "dev": true,
      "license": "MIT",
      "dependencies": {
        "undici-types": "~6.19.2"
      }
    },
    "node_modules/@types/uuid": {
      "version": "10.0.0",
      "resolved": "https://registry.npmjs.org/@types/uuid/-/uuid-10.0.0.tgz",
      "integrity": "sha512-7gqG38EyHgyP1S+7+xomFtL+ZNHcKv6DwNaCZmJmo1vgMugyF3TCnXVg4t1uk89mLNwnLtnY3TpOpCOyp1/xHQ==",
      "dev": true,
      "license": "MIT"
    },
    "node_modules/camel-case": {
      "version": "4.1.2",
      "resolved": "https://registry.npmjs.org/camel-case/-/camel-case-4.1.2.tgz",
      "integrity": "sha512-gxGWBrTT1JuMx6R+o5PTXMmUnhnVzLQ9SNutD4YqKtI6ap897t3tKECYla6gCWEkplXnlNybEkZg9GEGxKFCgw==",
      "dev": true,
      "license": "MIT",
      "dependencies": {
        "pascal-case": "^3.1.2",
        "tslib": "^2.0.3"
      }
    },
    "node_modules/lower-case": {
      "version": "2.0.2",
      "resolved": "https://registry.npmjs.org/lower-case/-/lower-case-2.0.2.tgz",
      "integrity": "sha512-7fm3l3NAF9WfN6W3JOmf5drwpVqX78JtoGJ3A6W0a6ZnldM41w2fV5D490psKFTpMds8TJse/eHLFFsNHHjHgg==",
      "dev": true,
      "license": "MIT",
      "dependencies": {
        "tslib": "^2.0.3"
      }
    },
    "node_modules/nerdbank-gitversioning": {
      "version": "3.6.146",
      "resolved": "https://registry.npmjs.org/nerdbank-gitversioning/-/nerdbank-gitversioning-3.6.146.tgz",
      "integrity": "sha512-PCXq36uIX/S6sMVVJpJ2FHem3131SZ/PgEwbAmrO1Br/iZ+hRrbPFUrDv/n8RKj+7CkZejFjpRKCEbt/9DQA1g==",
      "dev": true,
      "license": "MIT",
      "dependencies": {
        "camel-case": "^4.1.2"
      },
      "bin": {
        "nbgv": "main.js",
        "nbgv-setversion": "npmVersion.js"
      }
    },
    "node_modules/no-case": {
      "version": "3.0.4",
      "resolved": "https://registry.npmjs.org/no-case/-/no-case-3.0.4.tgz",
      "integrity": "sha512-fgAN3jGAh+RoxUGZHTSOLJIqUc2wmoBwGR4tbpNAKmmovFoWq0OdRkb0VkldReO2a2iBT/OEulG9XSUc10r3zg==",
      "dev": true,
      "license": "MIT",
      "dependencies": {
        "lower-case": "^2.0.2",
        "tslib": "^2.0.3"
      }
    },
    "node_modules/pascal-case": {
      "version": "3.1.2",
      "resolved": "https://registry.npmjs.org/pascal-case/-/pascal-case-3.1.2.tgz",
      "integrity": "sha512-uWlGT3YSnK9x3BQJaOdcZwrnV6hPpd8jFH1/ucpiLRPh/2zCVJKS19E4GvYHvaCcACn3foXZ0cLB9Wrx1KGe5g==",
      "dev": true,
      "license": "MIT",
      "dependencies": {
        "no-case": "^3.0.4",
        "tslib": "^2.0.3"
      }
    },
    "node_modules/tslib": {
      "version": "2.8.0",
      "resolved": "https://registry.npmjs.org/tslib/-/tslib-2.8.0.tgz",
      "integrity": "sha512-jWVzBLplnCmoaTr13V9dYbiQ99wvZRd0vNWaDRg+aVYRcjDF3nDksxFDE/+fkXnKhpnUUkmx5pK/v8mCtLVqZA==",
      "dev": true,
      "license": "0BSD"
    },
    "node_modules/typescript": {
      "version": "5.6.3",
      "resolved": "https://registry.npmjs.org/typescript/-/typescript-5.6.3.tgz",
      "integrity": "sha512-hjcS1mhfuyi4WW8IWtjP7brDrG2cuDZukyrYrSauoXGNgx0S7zceP07adYkJycEr56BOUTNPzbInooiN3fn1qw==",
      "dev": true,
      "license": "Apache-2.0",
      "bin": {
        "tsc": "bin/tsc",
        "tsserver": "bin/tsserver"
      },
      "engines": {
        "node": ">=14.17"
      }
    },
    "node_modules/undici-types": {
      "version": "6.19.8",
      "resolved": "https://registry.npmjs.org/undici-types/-/undici-types-6.19.8.tgz",
      "integrity": "sha512-ve2KP6f/JnbPBFyobGHuerC9g1FYGn/F8n1LWTwNxCEzd6IfqTwUQcNXgEtmmQ6DlRrC1hrSrBnCZPokRrDHjw==",
      "dev": true,
      "license": "MIT"
    },
    "node_modules/uuid": {
      "version": "10.0.0",
      "resolved": "https://registry.npmjs.org/uuid/-/uuid-10.0.0.tgz",
      "integrity": "sha512-8XkAphELsDnEGrDxUOHB3RGvXz6TeuYSGEZBOjtTtPm2lwhGBjLgOzLHB63IUWfBpNucQjND6d3AOudO+H3RWQ==",
      "funding": [
        "https://github.com/sponsors/broofa",
        "https://github.com/sponsors/ctavan"
      ],
      "license": "MIT",
      "bin": {
        "uuid": "dist/bin/uuid"
      }
    },
    "packages/core": {
      "name": "@rido-min/core",
      "version": "0.1.13-alpha.g3cddc04a44",
      "license": "ISC",
      "dependencies": {
        "uuid": "^10.0.0"
      },
      "devDependencies": {}
    },
    "packages/hosting": {
      "name": "@rido-min/hosting",
      "version": "0.1.13-alpha.g3cddc04a44",
      "license": "ISC",
      "dependencies": {
        "@rido-min/core": "0.1.13-alpha.g3cddc04a44"
      }
    }
  }
}
