{
  "name": "botas",
  "version": "0.0.3",
  "lockfileVersion": 3,
  "requires": true,
  "packages": {
    "": {
      "name": "botas",
      "version": "0.0.3",
      "license": "MIT",
      "workspaces": [
        "packages/*"
      ],
      "dependencies": {
        "uuid": "^10.0.0"
      },
      "devDependencies": {
        "@tsconfig/recommended": "^1.0.2",
        "@types/node": "^20.6.0",
        "@types/uuid": "^10.0.0",
        "typescript": "^5.2.2"
      }
    },
    "node_modules/@botas/auth": {
      "resolved": "packages/auth",
      "link": true
    },
    "node_modules/@botas/core": {
      "resolved": "packages/core",
      "link": true
    },
    "node_modules/@botas/hosting": {
      "resolved": "packages/hosting",
      "link": true
    },
    "node_modules/@tsconfig/recommended": {
      "version": "1.0.7",
      "dev": true,
      "license": "MIT"
    },
    "node_modules/@types/node": {
      "version": "20.16.14",
      "dev": true,
      "license": "MIT",
      "dependencies": {
        "undici-types": "~6.19.2"
      }
    },
    "node_modules/@types/uuid": {
      "version": "10.0.0",
      "dev": true,
      "license": "MIT"
    },
    "node_modules/typescript": {
      "version": "5.6.3",
      "dev": true,
      "license": "Apache-2.0",
      "bin": {
        "tsc": "bin/tsc",
        "tsserver": "bin/tsserver"
      },
      "engines": {
        "node": ">=14.17"
      }
    },
    "node_modules/undici-types": {
      "version": "6.19.8",
      "dev": true,
      "license": "MIT"
    },
    "node_modules/uuid": {
      "version": "10.0.0",
      "funding": [
        "https://github.com/sponsors/broofa",
        "https://github.com/sponsors/ctavan"
      ],
      "license": "MIT",
      "bin": {
        "uuid": "dist/bin/uuid"
      }
    },
    "packages/auth": {
      "name": "@botas/auth",
      "version": "0.0.1",
      "license": "ISC",
      "devDependencies": {}
    },
    "packages/core": {
      "name": "@botas/core",
      "version": "0.0.1",
      "license": "ISC",
      "devDependencies": {}
    },
    "packages/hosting": {
      "name": "@botas/hosting",
      "version": "0.0.1",
      "license": "ISC",
      "dependencies": {
        "@botas/core": "^0.0.1"
      }
    }
  }
}
