{
  "name": "first-bot",
  "version": "1.0.0",
  "lockfileVersion": 3,
  "requires": true,
  "packages": {
    "": {
      "name": "first-bot",
      "version": "1.0.0",
      "license": "ISC",
      "dependencies": {
        "@rido-min/hosting": "*"
      }
    },
    "node_modules/@rido-min/core": {
      "version": "0.1.11-alpha",
      "resolved": "https://npm.pkg.github.com/download/@rido-min/core/0.1.11-alpha/4f9becc3e376dbde3ef5da8d269a54a5f4de3987",
      "integrity": "sha512-GXE5OW82KrIIjRpqvpeGvUXhEqX0kmGL+dumwdiwqsiY3KcGHz1Jw7e1HcIhFnz3bWb3+tjtjpjGy8kTus6g9g==",
      "license": "ISC",
      "dependencies": {
        "uuid": "^10.0.0"
      }
    },
    "node_modules/@rido-min/hosting": {
      "version": "0.1.11-alpha",
      "resolved": "https://npm.pkg.github.com/download/@rido-min/hosting/0.1.11-alpha/4c9eba499d14037a8c6686081cc9ad3c02176329",
      "integrity": "sha512-m9utJZNrRjLw4C2c7NZoyiVi3ST+que3SqMlitb3NW1LQ0hmfEITxNAPZ8ByuDYooD4cEU4H8vcNkRMz4so1wg==",
      "license": "ISC",
      "dependencies": {
        "@rido-min/core": "0.1.11-alpha"
      }
    },
    "node_modules/uuid": {
      "version": "10.0.0",
      "resolved": "https://registry.npmjs.org/uuid/-/uuid-10.0.0.tgz",
      "integrity": "sha512-8XkAphELsDnEGrDxUOHB3RGvXz6TeuYSGEZBOjtTtPm2lwhGBjLgOzLHB63IUWfBpNucQjND6d3AOudO+H3RWQ==",
      "funding": [
        "https://github.com/sponsors/broofa",
        "https://github.com/sponsors/ctavan"
      ],
      "license": "MIT",
      "bin": {
        "uuid": "dist/bin/uuid"
      }
    }
  }
}
