{
  "name": "first-bot",
  "version": "1.0.0",
  "lockfileVersion": 3,
  "requires": true,
  "packages": {
    "": {
      "name": "first-bot",
      "version": "1.0.0",
      "license": "ISC",
      "dependencies": {
        "@rido-min/hosting": "file:../../packages/hosting"
      }
    },
    "../../packages/hosting": {
      "name": "@rido-min/hosting",
      "version": "0.1.0-alpha",
      "license": "ISC",
      "dependencies": {
        "@rido-min/core": "file:../../core"
      }
    },
    "node_modules/@rido-min/hosting": {
      "resolved": "../../packages/hosting",
      "link": true
    }
  }
}
